# THIS IS AN AUTOGENERATED FILE. DO NOT EDIT THIS FILE DIRECTLY.
# yarn lockfile v1


"@nik-selecto/ts-flysystem@^1.0.12":
  version "1.0.12"
  resolved "https://registry.yarnpkg.com/@nik-selecto/ts-flysystem/-/ts-flysystem-1.0.12.tgz#13d0842fb4fb73e472717e8531222415fd508d4f"
  integrity sha512-mQxWzbPb9mHtbiOM1s4XhJ2uPrb/6AulxJOhZtA5Def7rsr/4ZU9N74aWPlMFh8qjfNquuejBxHNKl0edr46TA==

"@types/node@^17.0.31":
  version "17.0.31"
  resolved "https://registry.npmjs.org/@types/node/-/node-17.0.31.tgz"
  integrity sha512-AR0x5HbXGqkEx9CadRH3EBYx/VkiUgZIhP4wvPn/+5KIsgpNoyFaRlVe0Zlx9gRtg8fA06a9tskE2MSN7TcG4Q==

typescript@^4.6.4:
  version "4.6.4"
  resolved "https://registry.npmjs.org/typescript/-/typescript-4.6.4.tgz"
  integrity sha512-9ia/jWHIEbo49HfjrLGfKbZSuWo9iTMwXO+Ca3pRsSpbsMbc7/IU8NKdCZVRRBafVPGnoJeFL76ZOAA84I9fEg==
